PODS:
  - Capacitor (5.7.0):
    - CapacitorCordova
  - CapacitorCommunityBluetoothLe (3.1.2):
    - Capacitor
  - CapacitorCordova (5.7.0)

DEPENDENCIES:
  - "Capacitor (from `../../node_modules/@capacitor/ios`)"
  - "CapacitorCommunityBluetoothLe (from `../../node_modules/@capacitor-community/bluetooth-le`)"
  - "CapacitorCordova (from `../../node_modules/@capacitor/ios`)"

EXTERNAL SOURCES:
  Capacitor:
    :path: "../../node_modules/@capacitor/ios"
  CapacitorCommunityBluetoothLe:
    :path: "../../node_modules/@capacitor-community/bluetooth-le"
  CapacitorCordova:
    :path: "../../node_modules/@capacitor/ios"

SPEC CHECKSUMS:
  Capacitor: fc155ee2ee45a2093d716f13cf5aa5a865e2d85a
  CapacitorCommunityBluetoothLe: 828c26547dd1d5ed2422bb9cf6b221c1385909c7
  CapacitorCordova: e825fce1a2e14e4b5730641c7e098dccf74397b7

PODFILE CHECKSUM: 47998e176d73fb1dcd46c2cd81d1fab8a9f392d8

COCOAPODS: 1.13.0
